// !$*UTF8*$!
{
	archiveVersion = 1;
	classes = {
	};
	objectVersion = 55;
	objects = {

/* Begin PBXBuildFile section */
		14342916A09498DB301D6D02 /* CounterUI.framework in Frameworks */ = {isa = PBXBuildFile; fileRef = 4BBDC108DA79F30BD4175A08 /* CounterUI.framework */; };
		C59F54DF004B2663099A1AB3 /* CounterAppTests.swift in Sources */ = {isa = PBXBuildFile; fileRef = 452A6043777D07BE3035068B /* CounterAppTests.swift */; };
		E23D3A03A8535C06896FF121 /* CounterApp.swift in Sources */ = {isa = PBXBuildFile; fileRef = FEB4793CE63A26382FEF39C7 /* CounterApp.swift */; };
/* End PBXBuildFile section */

/* Begin PBXCopyFilesBuildPhase section */
		2B8DA811CCB32749B4A64CB8 /* Embed Frameworks */ = {
			isa = PBXCopyFilesBuildPhase;
			buildActionMask = 2147483647;
			dstPath = "";
			dstSubfolderSpec = 10;
			files = (
			);
			name = "Embed Frameworks";
			runOnlyForDeploymentPostprocessing = 0;
		};
		5B0803455D81834A2B9D6F31 /* Embed Frameworks */ = {
			isa = PBXCopyFilesBuildPhase;
			buildActionMask = 2147483647;
			dstPath = "";
			dstSubfolderSpec = 10;
			files = (
			);
			name = "Embed Frameworks";
			runOnlyForDeploymentPostprocessing = 0;
		};
/* End PBXCopyFilesBuildPhase section */

/* Begin PBXFileReference section */
		452A6043777D07BE3035068B /* CounterAppTests.swift */ = {isa = PBXFileReference; lastKnownFileType = sourcecode.swift; path = CounterAppTests.swift; sourceTree = "<group>"; };
		4BBDC108DA79F30BD4175A08 /* CounterUI.framework */ = {isa = PBXFileReference; explicitFileType = wrapper.framework; includeInIndex = 0; path = CounterUI.framework; sourceTree = BUILT_PRODUCTS_DIR; };
		66947E04E23C4EB92BAD9547 /* CounterAppTests-Info.plist */ = {isa = PBXFileReference; lastKnownFileType = text.plist; path = "CounterAppTests-Info.plist"; sourceTree = "<group>"; };
		C0C14B72771343755F79004A /* CounterAppTests.xctest */ = {isa = PBXFileReference; explicitFileType = wrapper.cfbundle; includeInIndex = 0; path = CounterAppTests.xctest; sourceTree = BUILT_PRODUCTS_DIR; };
		F9B555AE866A2A5B9E7C6830 /* CounterAppApp.app */ = {isa = PBXFileReference; explicitFileType = wrapper.application; includeInIndex = 0; path = CounterAppApp.app; sourceTree = BUILT_PRODUCTS_DIR; };
		F9E118B479484AA961FBA9A5 /* Project.swift */ = {isa = PBXFileReference; lastKnownFileType = sourcecode.swift; path = Project.swift; sourceTree = "<group>"; };
		FE1F31996D2AAEF9D5D5D070 /* CounterAppApp-Info.plist */ = {isa = PBXFileReference; lastKnownFileType = text.plist; path = "CounterAppApp-Info.plist"; sourceTree = "<group>"; };
		FEB4793CE63A26382FEF39C7 /* CounterApp.swift */ = {isa = PBXFileReference; lastKnownFileType = sourcecode.swift; path = CounterApp.swift; sourceTree = "<group>"; };
/* End PBXFileReference section */

/* Begin PBXFrameworksBuildPhase section */
		9796EA37940D2533B44A6727 /* Frameworks */ = {
			isa = PBXFrameworksBuildPhase;
			buildActionMask = 2147483647;
			files = (
			);
			runOnlyForDeploymentPostprocessing = 0;
		};
		9CD3834D62A7193F8728D9BC /* Frameworks */ = {
			isa = PBXFrameworksBuildPhase;
			buildActionMask = 2147483647;
			files = (
				14342916A09498DB301D6D02 /* CounterUI.framework in Frameworks */,
			);
			runOnlyForDeploymentPostprocessing = 0;
		};
/* End PBXFrameworksBuildPhase section */

/* Begin PBXGroup section */
		1322E52B18C294389B3A07B9 /* Derived */ = {
			isa = PBXGroup;
			children = (
				FFBA959B378C5A75E70FB39E /* InfoPlists */,
			);
			path = Derived;
			sourceTree = "<group>";
		};
		2119AF724ABD01E1F44474AA /* Tests */ = {
			isa = PBXGroup;
			children = (
				452A6043777D07BE3035068B /* CounterAppTests.swift */,
			);
			path = Tests;
			sourceTree = "<group>";
		};
		5F818A69CD91D5087D4E9FBC /* Project */ = {
			isa = PBXGroup;
			children = (
				1322E52B18C294389B3A07B9 /* Derived */,
				FD825CAD6F56F86E0C7AEECB /* Sources */,
				2119AF724ABD01E1F44474AA /* Tests */,
				F9E118B479484AA961FBA9A5 /* Project.swift */,
			);
			name = Project;
			sourceTree = "<group>";
		};
		70021767A0F2E1EE6476E5FB /* Frameworks */ = {
			isa = PBXGroup;
			children = (
			);
			name = Frameworks;
			sourceTree = "<group>";
		};
		91C0E33BEDE2E530350B68C8 /* Products */ = {
			isa = PBXGroup;
			children = (
				F9B555AE866A2A5B9E7C6830 /* CounterAppApp.app */,
				C0C14B72771343755F79004A /* CounterAppTests.xctest */,
				4BBDC108DA79F30BD4175A08 /* CounterUI.framework */,
			);
			name = Products;
			sourceTree = "<group>";
		};
		B86E33DC287DA7AC92DD5972 = {
			isa = PBXGroup;
			children = (
				5F818A69CD91D5087D4E9FBC /* Project */,
				70021767A0F2E1EE6476E5FB /* Frameworks */,
				91C0E33BEDE2E530350B68C8 /* Products */,
			);
			sourceTree = "<group>";
		};
		FD825CAD6F56F86E0C7AEECB /* Sources */ = {
			isa = PBXGroup;
			children = (
				FEB4793CE63A26382FEF39C7 /* CounterApp.swift */,
			);
			path = Sources;
			sourceTree = "<group>";
		};
		FFBA959B378C5A75E70FB39E /* InfoPlists */ = {
			isa = PBXGroup;
			children = (
				FE1F31996D2AAEF9D5D5D070 /* CounterAppApp-Info.plist */,
				66947E04E23C4EB92BAD9547 /* CounterAppTests-Info.plist */,
			);
			path = InfoPlists;
			sourceTree = "<group>";
		};
/* End PBXGroup section */

/* Begin PBXNativeTarget section */
		00A05D016CDFFB3E7B5225CA /* CounterAppTests */ = {
			isa = PBXNativeTarget;
			buildConfigurationList = B0D629477A4160E6120CC821 /* Build configuration list for PBXNativeTarget "CounterAppTests" */;
			buildPhases = (
				CD37C6904431B1BEF48C92DE /* Sources */,
				041BD6CC4F70BEC283AD731E /* Resources */,
				2B8DA811CCB32749B4A64CB8 /* Embed Frameworks */,
				9796EA37940D2533B44A6727 /* Frameworks */,
			);
			buildRules = (
			);
			dependencies = (
			);
			name = CounterAppTests;
			productName = CounterAppTests;
			productReference = C0C14B72771343755F79004A /* CounterAppTests.xctest */;
			productType = "com.apple.product-type.bundle.unit-test";
		};
		1EE3DF59FBE88D0FF6017815 /* CounterAppApp */ = {
			isa = PBXNativeTarget;
			buildConfigurationList = FE0D0249994D26B578BD6CF8 /* Build configuration list for PBXNativeTarget "CounterAppApp" */;
			buildPhases = (
				0A9E1C269457883B77B37F31 /* Sources */,
				3456CB12E56216ACBC0F0822 /* Resources */,
				5B0803455D81834A2B9D6F31 /* Embed Frameworks */,
				9CD3834D62A7193F8728D9BC /* Frameworks */,
			);
			buildRules = (
			);
			dependencies = (
			);
			name = CounterAppApp;
			productName = CounterAppApp;
			productReference = F9B555AE866A2A5B9E7C6830 /* CounterAppApp.app */;
			productType = "com.apple.product-type.application";
		};
/* End PBXNativeTarget section */

/* Begin PBXProject section */
		CF1FACE8C7C58FDD63D46C13 /* Project object */ = {
			isa = PBXProject;
			attributes = {
				BuildIndependentTargetsInParallel = YES;
				TargetAttributes = {
				};
			};
			buildConfigurationList = 7851C38F90AFE0DC30E065D2 /* Build configuration list for PBXProject "CounterApp" */;
			compatibilityVersion = "Xcode 14.0";
			developmentRegion = en;
			hasScannedForEncodings = 0;
			knownRegions = (
				Base,
				en,
			);
			mainGroup = B86E33DC287DA7AC92DD5972;
			productRefGroup = 91C0E33BEDE2E530350B68C8 /* Products */;
			projectDirPath = "";
			projectRoot = "";
			targets = (
				1EE3DF59FBE88D0FF6017815 /* CounterAppApp */,
				00A05D016CDFFB3E7B5225CA /* CounterAppTests */,
			);
		};
/* End PBXProject section */

/* Begin PBXResourcesBuildPhase section */
		041BD6CC4F70BEC283AD731E /* Resources */ = {
			isa = PBXResourcesBuildPhase;
			buildActionMask = 2147483647;
			files = (
			);
			runOnlyForDeploymentPostprocessing = 0;
		};
		3456CB12E56216ACBC0F0822 /* Resources */ = {
			isa = PBXResourcesBuildPhase;
			buildActionMask = 2147483647;
			files = (
			);
			runOnlyForDeploymentPostprocessing = 0;
		};
/* End PBXResourcesBuildPhase section */

/* Begin PBXSourcesBuildPhase section */
		0A9E1C269457883B77B37F31 /* Sources */ = {
			isa = PBXSourcesBuildPhase;
			buildActionMask = 2147483647;
			files = (
				E23D3A03A8535C06896FF121 /* CounterApp.swift in Sources */,
			);
			runOnlyForDeploymentPostprocessing = 0;
		};
		CD37C6904431B1BEF48C92DE /* Sources */ = {
			isa = PBXSourcesBuildPhase;
			buildActionMask = 2147483647;
			files = (
				C59F54DF004B2663099A1AB3 /* CounterAppTests.swift in Sources */,
			);
			runOnlyForDeploymentPostprocessing = 0;
		};
/* End PBXSourcesBuildPhase section */

/* Begin XCBuildConfiguration section */
		03191CB175B0D179AB264CC8 /* Release */ = {
			isa = XCBuildConfiguration;
			buildSettings = {
				CODE_SIGN_IDENTITY = "iPhone Developer";
				INFOPLIST_FILE = "Derived/InfoPlists/CounterAppTests-Info.plist";
				IPHONEOS_DEPLOYMENT_TARGET = 17.0;
				LD_RUNPATH_SEARCH_PATHS = (
					"$(inherited)",
					"@executable_path/Frameworks",
					"@loader_path/Frameworks",
				);
				PRODUCT_BUNDLE_IDENTIFIER = com.vikramsingh.CounterAppTests;
				PRODUCT_NAME = CounterAppTests;
				SDKROOT = iphoneos;
				SUPPORTS_MACCATALYST = NO;
				SUPPORTS_MAC_DESIGNED_FOR_IPHONE_IPAD = YES;
				SUPPORTS_XR_DESIGNED_FOR_IPHONE_IPAD = NO;
				SWIFT_COMPILATION_MODE = wholemodule;
				SWIFT_OPTIMIZATION_LEVEL = "-Owholemodule";
				SWIFT_VERSION = 5.0;
				TARGETED_DEVICE_FAMILY = "1,2";
			};
			name = Release;
		};
		03292D87F4D6047048B996F2 /* Debug */ = {
			isa = XCBuildConfiguration;
			buildSettings = {
				ASSETCATALOG_COMPILER_APPICON_NAME = AppIcon;
				CODE_SIGN_IDENTITY = "iPhone Developer";
				ENABLE_PREVIEWS = YES;
				INFOPLIST_FILE = "Derived/InfoPlists/CounterAppApp-Info.plist";
				IPHONEOS_DEPLOYMENT_TARGET = 17.0;
				LD_RUNPATH_SEARCH_PATHS = (
					"$(inherited)",
					"@executable_path/Frameworks",
				);
				PRODUCT_BUNDLE_IDENTIFIER = com.vikramsingh.CounterAppApp;
				PRODUCT_NAME = CounterAppApp;
				SDKROOT = iphoneos;
				SUPPORTS_MACCATALYST = NO;
				SUPPORTS_MAC_DESIGNED_FOR_IPHONE_IPAD = YES;
				SUPPORTS_XR_DESIGNED_FOR_IPHONE_IPAD = NO;
				SWIFT_ACTIVE_COMPILATION_CONDITIONS = (
					"$(inherited)",
					DEBUG,
				);
				SWIFT_COMPILATION_MODE = singlefile;
				SWIFT_OPTIMIZATION_LEVEL = "-Onone";
				SWIFT_VERSION = 5.0;
				TARGETED_DEVICE_FAMILY = "1,2";
			};
			name = Debug;
		};
		753C892D94705F6358C4BC9C /* Debug */ = {
			isa = XCBuildConfiguration;
			buildSettings = {
				CODE_SIGN_IDENTITY = "iPhone Developer";
				INFOPLIST_FILE = "Derived/InfoPlists/CounterAppTests-Info.plist";
				IPHONEOS_DEPLOYMENT_TARGET = 17.0;
				LD_RUNPATH_SEARCH_PATHS = (
					"$(inherited)",
					"@executable_path/Frameworks",
					"@loader_path/Frameworks",
				);
				PRODUCT_BUNDLE_IDENTIFIER = com.vikramsingh.CounterAppTests;
				PRODUCT_NAME = CounterAppTests;
				SDKROOT = iphoneos;
				SUPPORTS_MACCATALYST = NO;
				SUPPORTS_MAC_DESIGNED_FOR_IPHONE_IPAD = YES;
				SUPPORTS_XR_DESIGNED_FOR_IPHONE_IPAD = NO;
				SWIFT_ACTIVE_COMPILATION_CONDITIONS = (
					"$(inherited)",
					DEBUG,
				);
				SWIFT_COMPILATION_MODE = singlefile;
				SWIFT_OPTIMIZATION_LEVEL = "-Onone";
				SWIFT_VERSION = 5.0;
				TARGETED_DEVICE_FAMILY = "1,2";
			};
			name = Debug;
		};
		B4EC29AAFF2F22C740DBFB9F /* Release */ = {
			isa = XCBuildConfiguration;
			buildSettings = {
				ALWAYS_SEARCH_USER_PATHS = NO;
				CLANG_ANALYZER_LOCALIZABILITY_NONLOCALIZED = YES;
				CLANG_ANALYZER_NONNULL = YES;
				CLANG_ANALYZER_NUMBER_OBJECT_CONVERSION = YES_AGGRESSIVE;
				CLANG_CXX_LANGUAGE_STANDARD = "gnu++14";
				CLANG_CXX_LIBRARY = "libc++";
				CLANG_ENABLE_MODULES = YES;
				CLANG_ENABLE_OBJC_ARC = YES;
				CLANG_ENABLE_OBJC_WEAK = YES;
				CLANG_WARN_BLOCK_CAPTURE_AUTORELEASING = YES;
				CLANG_WARN_BOOL_CONVERSION = YES;
				CLANG_WARN_COMMA = YES;
				CLANG_WARN_CONSTANT_CONVERSION = YES;
				CLANG_WARN_DEPRECATED_OBJC_IMPLEMENTATIONS = YES;
				CLANG_WARN_DIRECT_OBJC_ISA_USAGE = YES_ERROR;
				CLANG_WARN_DOCUMENTATION_COMMENTS = YES;
				CLANG_WARN_EMPTY_BODY = YES;
				CLANG_WARN_ENUM_CONVERSION = YES;
				CLANG_WARN_INFINITE_RECURSION = YES;
				CLANG_WARN_INT_CONVERSION = YES;
				CLANG_WARN_NON_LITERAL_NULL_CONVERSION = YES;
				CLANG_WARN_OBJC_IMPLICIT_RETAIN_SELF = YES;
				CLANG_WARN_OBJC_LITERAL_CONVERSION = YES;
				CLANG_WARN_OBJC_ROOT_CLASS = YES_ERROR;
				CLANG_WARN_QUOTED_INCLUDE_IN_FRAMEWORK_HEADER = YES;
				CLANG_WARN_RANGE_LOOP_ANALYSIS = YES;
				CLANG_WARN_STRICT_PROTOTYPES = YES;
				CLANG_WARN_SUSPICIOUS_MOVE = YES;
				CLANG_WARN_UNGUARDED_AVAILABILITY = YES_AGGRESSIVE;
				CLANG_WARN_UNREACHABLE_CODE = YES;
				CLANG_WARN__DUPLICATE_METHOD_MATCH = YES;
				COPY_PHASE_STRIP = NO;
				DEAD_CODE_STRIPPING = YES;
				DEBUG_INFORMATION_FORMAT = "dwarf-with-dsym";
				ENABLE_NS_ASSERTIONS = NO;
				ENABLE_STRICT_OBJC_MSGSEND = YES;
				GCC_C_LANGUAGE_STANDARD = gnu11;
				GCC_NO_COMMON_BLOCKS = YES;
				GCC_WARN_64_TO_32_BIT_CONVERSION = YES;
				GCC_WARN_ABOUT_RETURN_TYPE = YES_ERROR;
				GCC_WARN_UNDECLARED_SELECTOR = YES;
				GCC_WARN_UNINITIALIZED_AUTOS = YES_AGGRESSIVE;
				GCC_WARN_UNUSED_FUNCTION = YES;
				GCC_WARN_UNUSED_VARIABLE = YES;
				MTL_ENABLE_DEBUG_INFO = NO;
				PRODUCT_NAME = "$(TARGET_NAME)";
				VALIDATE_PRODUCT = YES;
			};
			name = Release;
		};
		E81AA16697771FD928AEC5D5 /* Debug */ = {
			isa = XCBuildConfiguration;
			buildSettings = {
				ALWAYS_SEARCH_USER_PATHS = NO;
				CLANG_ANALYZER_LOCALIZABILITY_NONLOCALIZED = YES;
				CLANG_ANALYZER_NONNULL = YES;
				CLANG_ANALYZER_NUMBER_OBJECT_CONVERSION = YES_AGGRESSIVE;
				CLANG_CXX_LANGUAGE_STANDARD = "gnu++14";
				CLANG_CXX_LIBRARY = "libc++";
				CLANG_ENABLE_MODULES = YES;
				CLANG_ENABLE_OBJC_ARC = YES;
				CLANG_ENABLE_OBJC_WEAK = YES;
				CLANG_WARN_BLOCK_CAPTURE_AUTORELEASING = YES;
				CLANG_WARN_BOOL_CONVERSION = YES;
				CLANG_WARN_COMMA = YES;
				CLANG_WARN_CONSTANT_CONVERSION = YES;
				CLANG_WARN_DEPRECATED_OBJC_IMPLEMENTATIONS = YES;
				CLANG_WARN_DIRECT_OBJC_ISA_USAGE = YES_ERROR;
				CLANG_WARN_DOCUMENTATION_COMMENTS = YES;
				CLANG_WARN_EMPTY_BODY = YES;
				CLANG_WARN_ENUM_CONVERSION = YES;
				CLANG_WARN_INFINITE_RECURSION = YES;
				CLANG_WARN_INT_CONVERSION = YES;
				CLANG_WARN_NON_LITERAL_NULL_CONVERSION = YES;
				CLANG_WARN_OBJC_IMPLICIT_RETAIN_SELF = YES;
				CLANG_WARN_OBJC_LITERAL_CONVERSION = YES;
				CLANG_WARN_OBJC_ROOT_CLASS = YES_ERROR;
				CLANG_WARN_QUOTED_INCLUDE_IN_FRAMEWORK_HEADER = YES;
				CLANG_WARN_RANGE_LOOP_ANALYSIS = YES;
				CLANG_WARN_STRICT_PROTOTYPES = YES;
				CLANG_WARN_SUSPICIOUS_MOVE = YES;
				CLANG_WARN_UNGUARDED_AVAILABILITY = YES_AGGRESSIVE;
				CLANG_WARN_UNREACHABLE_CODE = YES;
				CLANG_WARN__DUPLICATE_METHOD_MATCH = YES;
				COPY_PHASE_STRIP = NO;
				DEAD_CODE_STRIPPING = YES;
				DEBUG_INFORMATION_FORMAT = dwarf;
				ENABLE_STRICT_OBJC_MSGSEND = YES;
				ENABLE_TESTABILITY = YES;
				GCC_C_LANGUAGE_STANDARD = gnu11;
				GCC_DYNAMIC_NO_PIC = NO;
				GCC_NO_COMMON_BLOCKS = YES;
				GCC_OPTIMIZATION_LEVEL = 0;
				GCC_PREPROCESSOR_DEFINITIONS = (
					"DEBUG=1",
					"$(inherited)",
				);
				GCC_WARN_64_TO_32_BIT_CONVERSION = YES;
				GCC_WARN_ABOUT_RETURN_TYPE = YES_ERROR;
				GCC_WARN_UNDECLARED_SELECTOR = YES;
				GCC_WARN_UNINITIALIZED_AUTOS = YES_AGGRESSIVE;
				GCC_WARN_UNUSED_FUNCTION = YES;
				GCC_WARN_UNUSED_VARIABLE = YES;
				MTL_ENABLE_DEBUG_INFO = YES;
				ONLY_ACTIVE_ARCH = YES;
				PRODUCT_NAME = "$(TARGET_NAME)";
			};
			name = Debug;
		};
		F8AE64A9ED63389F17FDE628 /* Release */ = {
			isa = XCBuildConfiguration;
			buildSettings = {
				ASSETCATALOG_COMPILER_APPICON_NAME = AppIcon;
				CODE_SIGN_IDENTITY = "iPhone Developer";
				ENABLE_PREVIEWS = YES;
				INFOPLIST_FILE = "Derived/InfoPlists/CounterAppApp-Info.plist";
				IPHONEOS_DEPLOYMENT_TARGET = 17.0;
				LD_RUNPATH_SEARCH_PATHS = (
					"$(inherited)",
					"@executable_path/Frameworks",
				);
				PRODUCT_BUNDLE_IDENTIFIER = com.vikramsingh.CounterAppApp;
				PRODUCT_NAME = CounterAppApp;
				SDKROOT = iphoneos;
				SUPPORTS_MACCATALYST = NO;
				SUPPORTS_MAC_DESIGNED_FOR_IPHONE_IPAD = YES;
				SUPPORTS_XR_DESIGNED_FOR_IPHONE_IPAD = NO;
				SWIFT_COMPILATION_MODE = wholemodule;
				SWIFT_OPTIMIZATION_LEVEL = "-Owholemodule";
				SWIFT_VERSION = 5.0;
				TARGETED_DEVICE_FAMILY = "1,2";
			};
			name = Release;
		};
/* End XCBuildConfiguration section */

/* Begin XCConfigurationList section */
		7851C38F90AFE0DC30E065D2 /* Build configuration list for PBXProject "CounterApp" */ = {
			isa = XCConfigurationList;
			buildConfigurations = (
				E81AA16697771FD928AEC5D5 /* Debug */,
				B4EC29AAFF2F22C740DBFB9F /* Release */,
			);
			defaultConfigurationIsVisible = 0;
			defaultConfigurationName = Release;
		};
		B0D629477A4160E6120CC821 /* Build configuration list for PBXNativeTarget "CounterAppTests" */ = {
			isa = XCConfigurationList;
			buildConfigurations = (
				753C892D94705F6358C4BC9C /* Debug */,
				03191CB175B0D179AB264CC8 /* Release */,
			);
			defaultConfigurationIsVisible = 0;
			defaultConfigurationName = Release;
		};
		FE0D0249994D26B578BD6CF8 /* Build configuration list for PBXNativeTarget "CounterAppApp" */ = {
			isa = XCConfigurationList;
			buildConfigurations = (
				03292D87F4D6047048B996F2 /* Debug */,
				F8AE64A9ED63389F17FDE628 /* Release */,
			);
			defaultConfigurationIsVisible = 0;
			defaultConfigurationName = Release;
		};
/* End XCConfigurationList section */
	};
	rootObject = CF1FACE8C7C58FDD63D46C13 /* Project object */;
}
